
Microsoft Visual Studio Solution File, Format Version 12.00
# Visual Studio Version 17
VisualStudioVersion = 17.14.36915.13
MinimumVisualStudioVersion = 10.0.40219.1
Project("{2150E333-8FDC-42A3-9474-1A3956D46DE8}") = "NotificationService", "NotificationService", "{02EA681E-C7D8-13C7-8484-4AC65E1B71E8}"
EndProject
Project("{2150E333-8FDC-42A3-9474-1A3956D46DE8}") = "CatalogService", "CatalogService", "{6F6CAB9D-12B4-4D03-87DD-ECA765FFC604}"
EndProject
Project("{FAE04EC0-301F-11D3-BF4B-00C04F79EFBC}") = "WebStore.CatalogDomain", "WebStore.CatalogDomain\WebStore.CatalogDomain.csproj", "{FC121566-05E1-4414-AB28-ECA0D382A669}"
EndProject
Project("{FAE04EC0-301F-11D3-BF4B-00C04F79EFBC}") = "WebStore.CatalogApp", "WebStore.CatalogApp\WebStore.CatalogApp.csproj", "{22681DBB-EB98-46D9-8398-70E70D9B89D7}"
EndProject
Project("{FAE04EC0-301F-11D3-BF4B-00C04F79EFBC}") = "WebStore.NotificationTests", "WebStore.NotificationTests\WebStore.NotificationTests.csproj", "{AA6735F9-67F9-72A3-E0A1-BC4BC11F4CA7}"
EndProject
Project("{FAE04EC0-301F-11D3-BF4B-00C04F79EFBC}") = "WebStore.NotificationService", "WebStore.NotificationService\WebStore.NotificationService.csproj", "{4CA0EB2C-2544-01D9-F642-23E24A68C3E8}"
EndProject
Project("{FAE04EC0-301F-11D3-BF4B-00C04F79EFBC}") = "WebStore.CatalogTests", "WebStore.CatalogTests\WebStore.CatalogTests.csproj", "{868007C9-5EAB-4D69-AAD5-47758E438B89}"
EndProject
Project("{FAE04EC0-301F-11D3-BF4B-00C04F79EFBC}") = "WebStore.CatalogAPI", "WebStore.CatalogAPI\WebStore.CatalogAPI.csproj", "{9A77CB3A-6671-4523-8D8F-3DDA266D8E28}"
EndProject
Project("{2150E333-8FDC-42A3-9474-1A3956D46DE8}") = "Contracts", "Contracts", "{5847BA86-E32D-4C0C-A819-A7EC74DD2397}"
EndProject
Project("{FAE04EC0-301F-11D3-BF4B-00C04F79EFBC}") = "WebStore.Contracts", "WebStore.Contracts\WebStore.Contracts.csproj", "{CC13C82D-3503-40DC-B331-3F0C38415CB3}"
EndProject
Project("{FAE04EC0-301F-11D3-BF4B-00C04F79EFBC}") = "WebStore.BackWorker", "WebStore.BackWorker\WebStore.BackWorker.csproj", "{1D81586C-B546-4B11-A202-F0D591BFF184}"
EndProject
Project("{2150E333-8FDC-42A3-9474-1A3956D46DE8}") = "Shared", "Shared", "{05D2974B-62A5-4AFC-9247-77E272A99E80}"
EndProject
Project("{FAE04EC0-301F-11D3-BF4B-00C04F79EFBC}") = "WebStore.Shared", "WebStore.Shared\WebStore.Shared.csproj", "{F7C933F3-07C2-4371-97A8-50D13786C4F2}"
EndProject
Project("{2150E333-8FDC-42A3-9474-1A3956D46DE8}") = "UserService", "UserService", "{5DC067C2-72C3-4539-866B-2B064518B242}"
EndProject
Project("{FAE04EC0-301F-11D3-BF4B-00C04F79EFBC}") = "WebStore.UserInfrastructure", "WebStore.UserInfrastructure\WebStore.UserInfrastructure.csproj", "{C6C95576-9E0D-498E-8D50-D756D7E08FED}"
EndProject
Project("{FAE04EC0-301F-11D3-BF4B-00C04F79EFBC}") = "WebStore.UserApp", "WebStore.UserApp\WebStore.UserApp.csproj", "{09CB215B-CC36-4022-B59E-4F2239E66DED}"
EndProject
Project("{FAE04EC0-301F-11D3-BF4B-00C04F79EFBC}") = "WebStore.UserDomain", "WebStore.UserDomain\WebStore.UserDomain.csproj", "{61523512-398B-4CB6-8B0E-4D1C46D430AA}"
EndProject
Project("{FAE04EC0-301F-11D3-BF4B-00C04F79EFBC}") = "WebStore.UserAPI", "WebStore.UserAPI\WebStore.UserAPI.csproj", "{A1DD6260-4BE8-4C4D-8841-13D380F63CF2}"
EndProject
Project("{2150E333-8FDC-42A3-9474-1A3956D46DE8}") = "CartService", "CartService", "{9118A8F0-83E6-41EF-83B6-B954D732DEF3}"
EndProject
Project("{FAE04EC0-301F-11D3-BF4B-00C04F79EFBC}") = "WebStore.CartDomain", "WebStore.CartDomain\WebStore.CartDomain.csproj", "{3C8DA1F2-5D52-4B1B-A7E7-93EA8D83DAB8}"
EndProject
Project("{FAE04EC0-301F-11D3-BF4B-00C04F79EFBC}") = "WebStore.CartApp", "WebStore.CartApp\WebStore.CartApp.csproj", "{706E150A-ED60-42E7-8C66-2A92E250278F}"
EndProject
Project("{FAE04EC0-301F-11D3-BF4B-00C04F79EFBC}") = "WebStore.CartInfrastructure", "CartInfrastructure\WebStore.CartInfrastructure.csproj", "{58443499-B526-486B-A92E-9BC983F60338}"
EndProject
Project("{FAE04EC0-301F-11D3-BF4B-00C04F79EFBC}") = "WebStore.CartAPI", "WebStore.CartAPI\WebStore.CartAPI.csproj", "{C7694CA4-89B5-47B5-81DA-2E6CABE0C9C5}"
EndProject
Project("{2150E333-8FDC-42A3-9474-1A3956D46DE8}") = "OrderService", "OrderService", "{14C99CA8-A80F-4D67-9ED0-F41C9B93CEAA}"
EndProject
Project("{FAE04EC0-301F-11D3-BF4B-00C04F79EFBC}") = "WebStore.OrderDomain", "WebStore.OrderDomain\WebStore.OrderDomain.csproj", "{D27F291F-C7B7-423A-860B-F3AA168BBEF1}"
EndProject
Project("{FAE04EC0-301F-11D3-BF4B-00C04F79EFBC}") = "WebStore.OrderApp", "WebStore.OrderApp\WebStore.OrderApp.csproj", "{6D6A3B63-7D0C-44B3-86D8-C9B2A3F02A32}"
EndProject
Project("{FAE04EC0-301F-11D3-BF4B-00C04F79EFBC}") = "WebStore.OrderInfrastructure", "WebStore.OrderInfrastructure\WebStore.OrderInfrastructure.csproj", "{7A2B8E3C-81E8-40D9-93FF-0636C34CBD80}"
EndProject
Project("{FAE04EC0-301F-11D3-BF4B-00C04F79EFBC}") = "WebStore.OrderAPI", "WebStore.OrderAPI\WebStore.OrderAPI.csproj", "{593B390B-9807-49AF-92E9-A477F9408DFE}"
EndProject
Project("{2150E333-8FDC-42A3-9474-1A3956D46DE8}") = "Solution Items", "Solution Items", "{8EC462FD-D22E-90A8-E5CE-7E832BA40C5D}"
	ProjectSection(SolutionItems) = preProject
		docker-compose.yml = docker-compose.yml
		prodDock.txt = prodDock.txt
	EndProjectSection
EndProject
Project("{FAE04EC0-301F-11D3-BF4B-00C04F79EFBC}") = "Webstore.CatalogInfrastructure", "Webstore.CatalogInfrastructure\Webstore.CatalogInfrastructure.csproj", "{C643FCDA-431C-1571-9191-AE9B39058E09}"
EndProject
Global
	GlobalSection(SolutionConfigurationPlatforms) = preSolution
		Debug|Any CPU = Debug|Any CPU
		Release|Any CPU = Release|Any CPU
	EndGlobalSection
	GlobalSection(ProjectConfigurationPlatforms) = postSolution
		{FC121566-05E1-4414-AB28-ECA0D382A669}.Debug|Any CPU.ActiveCfg = Debug|Any CPU
		{FC121566-05E1-4414-AB28-ECA0D382A669}.Debug|Any CPU.Build.0 = Debug|Any CPU
		{FC121566-05E1-4414-AB28-ECA0D382A669}.Release|Any CPU.ActiveCfg = Release|Any CPU
		{FC121566-05E1-4414-AB28-ECA0D382A669}.Release|Any CPU.Build.0 = Release|Any CPU
		{22681DBB-EB98-46D9-8398-70E70D9B89D7}.Debug|Any CPU.ActiveCfg = Debug|Any CPU
		{22681DBB-EB98-46D9-8398-70E70D9B89D7}.Debug|Any CPU.Build.0 = Debug|Any CPU
		{22681DBB-EB98-46D9-8398-70E70D9B89D7}.Release|Any CPU.ActiveCfg = Release|Any CPU
		{22681DBB-EB98-46D9-8398-70E70D9B89D7}.Release|Any CPU.Build.0 = Release|Any CPU
		{AA6735F9-67F9-72A3-E0A1-BC4BC11F4CA7}.Debug|Any CPU.ActiveCfg = Debug|Any CPU
		{AA6735F9-67F9-72A3-E0A1-BC4BC11F4CA7}.Debug|Any CPU.Build.0 = Debug|Any CPU
		{AA6735F9-67F9-72A3-E0A1-BC4BC11F4CA7}.Release|Any CPU.ActiveCfg = Release|Any CPU
		{AA6735F9-67F9-72A3-E0A1-BC4BC11F4CA7}.Release|Any CPU.Build.0 = Release|Any CPU
		{4CA0EB2C-2544-01D9-F642-23E24A68C3E8}.Debug|Any CPU.ActiveCfg = Debug|Any CPU
		{4CA0EB2C-2544-01D9-F642-23E24A68C3E8}.Debug|Any CPU.Build.0 = Debug|Any CPU
		{4CA0EB2C-2544-01D9-F642-23E24A68C3E8}.Release|Any CPU.ActiveCfg = Release|Any CPU
		{4CA0EB2C-2544-01D9-F642-23E24A68C3E8}.Release|Any CPU.Build.0 = Release|Any CPU
		{868007C9-5EAB-4D69-AAD5-47758E438B89}.Debug|Any CPU.ActiveCfg = Debug|Any CPU
		{868007C9-5EAB-4D69-AAD5-47758E438B89}.Debug|Any CPU.Build.0 = Debug|Any CPU
		{868007C9-5EAB-4D69-AAD5-47758E438B89}.Release|Any CPU.ActiveCfg = Release|Any CPU
		{868007C9-5EAB-4D69-AAD5-47758E438B89}.Release|Any CPU.Build.0 = Release|Any CPU
		{9A77CB3A-6671-4523-8D8F-3DDA266D8E28}.Debug|Any CPU.ActiveCfg = Debug|Any CPU
		{9A77CB3A-6671-4523-8D8F-3DDA266D8E28}.Debug|Any CPU.Build.0 = Debug|Any CPU
		{9A77CB3A-6671-4523-8D8F-3DDA266D8E28}.Release|Any CPU.ActiveCfg = Release|Any CPU
		{9A77CB3A-6671-4523-8D8F-3DDA266D8E28}.Release|Any CPU.Build.0 = Release|Any CPU
		{CC13C82D-3503-40DC-B331-3F0C38415CB3}.Debug|Any CPU.ActiveCfg = Debug|Any CPU
		{CC13C82D-3503-40DC-B331-3F0C38415CB3}.Debug|Any CPU.Build.0 = Debug|Any CPU
		{CC13C82D-3503-40DC-B331-3F0C38415CB3}.Release|Any CPU.ActiveCfg = Release|Any CPU
		{CC13C82D-3503-40DC-B331-3F0C38415CB3}.Release|Any CPU.Build.0 = Release|Any CPU
		{1D81586C-B546-4B11-A202-F0D591BFF184}.Debug|Any CPU.ActiveCfg = Debug|Any CPU
		{1D81586C-B546-4B11-A202-F0D591BFF184}.Debug|Any CPU.Build.0 = Debug|Any CPU
		{1D81586C-B546-4B11-A202-F0D591BFF184}.Release|Any CPU.ActiveCfg = Release|Any CPU
		{1D81586C-B546-4B11-A202-F0D591BFF184}.Release|Any CPU.Build.0 = Release|Any CPU
		{F7C933F3-07C2-4371-97A8-50D13786C4F2}.Debug|Any CPU.ActiveCfg = Debug|Any CPU
		{F7C933F3-07C2-4371-97A8-50D13786C4F2}.Debug|Any CPU.Build.0 = Debug|Any CPU
		{F7C933F3-07C2-4371-97A8-50D13786C4F2}.Release|Any CPU.ActiveCfg = Release|Any CPU
		{F7C933F3-07C2-4371-97A8-50D13786C4F2}.Release|Any CPU.Build.0 = Release|Any CPU
		{C6C95576-9E0D-498E-8D50-D756D7E08FED}.Debug|Any CPU.ActiveCfg = Debug|Any CPU
		{C6C95576-9E0D-498E-8D50-D756D7E08FED}.Debug|Any CPU.Build.0 = Debug|Any CPU
		{C6C95576-9E0D-498E-8D50-D756D7E08FED}.Release|Any CPU.ActiveCfg = Release|Any CPU
		{C6C95576-9E0D-498E-8D50-D756D7E08FED}.Release|Any CPU.Build.0 = Release|Any CPU
		{09CB215B-CC36-4022-B59E-4F2239E66DED}.Debug|Any CPU.ActiveCfg = Debug|Any CPU
		{09CB215B-CC36-4022-B59E-4F2239E66DED}.Debug|Any CPU.Build.0 = Debug|Any CPU
		{09CB215B-CC36-4022-B59E-4F2239E66DED}.Release|Any CPU.ActiveCfg = Release|Any CPU
		{09CB215B-CC36-4022-B59E-4F2239E66DED}.Release|Any CPU.Build.0 = Release|Any CPU
		{61523512-398B-4CB6-8B0E-4D1C46D430AA}.Debug|Any CPU.ActiveCfg = Debug|Any CPU
		{61523512-398B-4CB6-8B0E-4D1C46D430AA}.Debug|Any CPU.Build.0 = Debug|Any CPU
		{61523512-398B-4CB6-8B0E-4D1C46D430AA}.Release|Any CPU.ActiveCfg = Release|Any CPU
		{61523512-398B-4CB6-8B0E-4D1C46D430AA}.Release|Any CPU.Build.0 = Release|Any CPU
		{A1DD6260-4BE8-4C4D-8841-13D380F63CF2}.Debug|Any CPU.ActiveCfg = Debug|Any CPU
		{A1DD6260-4BE8-4C4D-8841-13D380F63CF2}.Debug|Any CPU.Build.0 = Debug|Any CPU
		{A1DD6260-4BE8-4C4D-8841-13D380F63CF2}.Release|Any CPU.ActiveCfg = Release|Any CPU
		{A1DD6260-4BE8-4C4D-8841-13D380F63CF2}.Release|Any CPU.Build.0 = Release|Any CPU
		{3C8DA1F2-5D52-4B1B-A7E7-93EA8D83DAB8}.Debug|Any CPU.ActiveCfg = Debug|Any CPU
		{3C8DA1F2-5D52-4B1B-A7E7-93EA8D83DAB8}.Debug|Any CPU.Build.0 = Debug|Any CPU
		{3C8DA1F2-5D52-4B1B-A7E7-93EA8D83DAB8}.Release|Any CPU.ActiveCfg = Release|Any CPU
		{3C8DA1F2-5D52-4B1B-A7E7-93EA8D83DAB8}.Release|Any CPU.Build.0 = Release|Any CPU
		{706E150A-ED60-42E7-8C66-2A92E250278F}.Debug|Any CPU.ActiveCfg = Debug|Any CPU
		{706E150A-ED60-42E7-8C66-2A92E250278F}.Debug|Any CPU.Build.0 = Debug|Any CPU
		{706E150A-ED60-42E7-8C66-2A92E250278F}.Release|Any CPU.ActiveCfg = Release|Any CPU
		{706E150A-ED60-42E7-8C66-2A92E250278F}.Release|Any CPU.Build.0 = Release|Any CPU
		{58443499-B526-486B-A92E-9BC983F60338}.Debug|Any CPU.ActiveCfg = Debug|Any CPU
		{58443499-B526-486B-A92E-9BC983F60338}.Debug|Any CPU.Build.0 = Debug|Any CPU
		{58443499-B526-486B-A92E-9BC983F60338}.Release|Any CPU.ActiveCfg = Release|Any CPU
		{58443499-B526-486B-A92E-9BC983F60338}.Release|Any CPU.Build.0 = Release|Any CPU
		{C7694CA4-89B5-47B5-81DA-2E6CABE0C9C5}.Debug|Any CPU.ActiveCfg = Debug|Any CPU
		{C7694CA4-89B5-47B5-81DA-2E6CABE0C9C5}.Debug|Any CPU.Build.0 = Debug|Any CPU
		{C7694CA4-89B5-47B5-81DA-2E6CABE0C9C5}.Release|Any CPU.ActiveCfg = Release|Any CPU
		{C7694CA4-89B5-47B5-81DA-2E6CABE0C9C5}.Release|Any CPU.Build.0 = Release|Any CPU
		{D27F291F-C7B7-423A-860B-F3AA168BBEF1}.Debug|Any CPU.ActiveCfg = Debug|Any CPU
		{D27F291F-C7B7-423A-860B-F3AA168BBEF1}.Debug|Any CPU.Build.0 = Debug|Any CPU
		{D27F291F-C7B7-423A-860B-F3AA168BBEF1}.Release|Any CPU.ActiveCfg = Release|Any CPU
		{D27F291F-C7B7-423A-860B-F3AA168BBEF1}.Release|Any CPU.Build.0 = Release|Any CPU
		{6D6A3B63-7D0C-44B3-86D8-C9B2A3F02A32}.Debug|Any CPU.ActiveCfg = Debug|Any CPU
		{6D6A3B63-7D0C-44B3-86D8-C9B2A3F02A32}.Debug|Any CPU.Build.0 = Debug|Any CPU
		{6D6A3B63-7D0C-44B3-86D8-C9B2A3F02A32}.Release|Any CPU.ActiveCfg = Release|Any CPU
		{6D6A3B63-7D0C-44B3-86D8-C9B2A3F02A32}.Release|Any CPU.Build.0 = Release|Any CPU
		{7A2B8E3C-81E8-40D9-93FF-0636C34CBD80}.Debug|Any CPU.ActiveCfg = Debug|Any CPU
		{7A2B8E3C-81E8-40D9-93FF-0636C34CBD80}.Debug|Any CPU.Build.0 = Debug|Any CPU
		{7A2B8E3C-81E8-40D9-93FF-0636C34CBD80}.Release|Any CPU.ActiveCfg = Release|Any CPU
		{7A2B8E3C-81E8-40D9-93FF-0636C34CBD80}.Release|Any CPU.Build.0 = Release|Any CPU
		{593B390B-9807-49AF-92E9-A477F9408DFE}.Debug|Any CPU.ActiveCfg = Debug|Any CPU
		{593B390B-9807-49AF-92E9-A477F9408DFE}.Debug|Any CPU.Build.0 = Debug|Any CPU
		{593B390B-9807-49AF-92E9-A477F9408DFE}.Release|Any CPU.ActiveCfg = Release|Any CPU
		{593B390B-9807-49AF-92E9-A477F9408DFE}.Release|Any CPU.Build.0 = Release|Any CPU
		{C643FCDA-431C-1571-9191-AE9B39058E09}.Debug|Any CPU.ActiveCfg = Debug|Any CPU
		{C643FCDA-431C-1571-9191-AE9B39058E09}.Debug|Any CPU.Build.0 = Debug|Any CPU
		{C643FCDA-431C-1571-9191-AE9B39058E09}.Release|Any CPU.ActiveCfg = Release|Any CPU
		{C643FCDA-431C-1571-9191-AE9B39058E09}.Release|Any CPU.Build.0 = Release|Any CPU
	EndGlobalSection
	GlobalSection(SolutionProperties) = preSolution
		HideSolutionNode = FALSE
	EndGlobalSection
	GlobalSection(NestedProjects) = preSolution
		{FC121566-05E1-4414-AB28-ECA0D382A669} = {6F6CAB9D-12B4-4D03-87DD-ECA765FFC604}
		{22681DBB-EB98-46D9-8398-70E70D9B89D7} = {6F6CAB9D-12B4-4D03-87DD-ECA765FFC604}
		{AA6735F9-67F9-72A3-E0A1-BC4BC11F4CA7} = {02EA681E-C7D8-13C7-8484-4AC65E1B71E8}
		{4CA0EB2C-2544-01D9-F642-23E24A68C3E8} = {02EA681E-C7D8-13C7-8484-4AC65E1B71E8}
		{868007C9-5EAB-4D69-AAD5-47758E438B89} = {6F6CAB9D-12B4-4D03-87DD-ECA765FFC604}
		{9A77CB3A-6671-4523-8D8F-3DDA266D8E28} = {6F6CAB9D-12B4-4D03-87DD-ECA765FFC604}
		{CC13C82D-3503-40DC-B331-3F0C38415CB3} = {5847BA86-E32D-4C0C-A819-A7EC74DD2397}
		{1D81586C-B546-4B11-A202-F0D591BFF184} = {02EA681E-C7D8-13C7-8484-4AC65E1B71E8}
		{F7C933F3-07C2-4371-97A8-50D13786C4F2} = {05D2974B-62A5-4AFC-9247-77E272A99E80}
		{C6C95576-9E0D-498E-8D50-D756D7E08FED} = {5DC067C2-72C3-4539-866B-2B064518B242}
		{09CB215B-CC36-4022-B59E-4F2239E66DED} = {5DC067C2-72C3-4539-866B-2B064518B242}
		{61523512-398B-4CB6-8B0E-4D1C46D430AA} = {5DC067C2-72C3-4539-866B-2B064518B242}
		{A1DD6260-4BE8-4C4D-8841-13D380F63CF2} = {5DC067C2-72C3-4539-866B-2B064518B242}
		{3C8DA1F2-5D52-4B1B-A7E7-93EA8D83DAB8} = {9118A8F0-83E6-41EF-83B6-B954D732DEF3}
		{706E150A-ED60-42E7-8C66-2A92E250278F} = {9118A8F0-83E6-41EF-83B6-B954D732DEF3}
		{58443499-B526-486B-A92E-9BC983F60338} = {9118A8F0-83E6-41EF-83B6-B954D732DEF3}
		{C7694CA4-89B5-47B5-81DA-2E6CABE0C9C5} = {9118A8F0-83E6-41EF-83B6-B954D732DEF3}
		{D27F291F-C7B7-423A-860B-F3AA168BBEF1} = {14C99CA8-A80F-4D67-9ED0-F41C9B93CEAA}
		{6D6A3B63-7D0C-44B3-86D8-C9B2A3F02A32} = {14C99CA8-A80F-4D67-9ED0-F41C9B93CEAA}
		{7A2B8E3C-81E8-40D9-93FF-0636C34CBD80} = {14C99CA8-A80F-4D67-9ED0-F41C9B93CEAA}
		{593B390B-9807-49AF-92E9-A477F9408DFE} = {14C99CA8-A80F-4D67-9ED0-F41C9B93CEAA}
		{C643FCDA-431C-1571-9191-AE9B39058E09} = {6F6CAB9D-12B4-4D03-87DD-ECA765FFC604}
	EndGlobalSection
	GlobalSection(ExtensibilityGlobals) = postSolution
		SolutionGuid = {33C820BE-9EB2-4AF6-94E7-E46DF1BDC52E}
	EndGlobalSection
EndGlobal
