
Microsoft Visual Studio Solution File, Format Version 12.00
# Visual Studio Version 17
VisualStudioVersion = 17.14.36915.13
MinimumVisualStudioVersion = 10.0.40219.1
Project("{2150E333-8FDC-42A3-9474-1A3956D46DE8}") = "Notificator", "Notificator", "{02EA681E-C7D8-13C7-8484-4AC65E1B71E8}"
EndProject
Project("{FAE04EC0-301F-11D3-BF4B-00C04F79EFBC}") = "WebStore.NotificationTests", "WebStore.NotificationTests\WebStore.NotificationTests.csproj", "{AA6735F9-67F9-72A3-E0A1-BC4BC11F4CA7}"
EndProject
Project("{FAE04EC0-301F-11D3-BF4B-00C04F79EFBC}") = "WebStore.NotificationService", "WebStore.NotificationService\WebStore.NotificationService.csproj", "{4CA0EB2C-2544-01D9-F642-23E24A68C3E8}"
EndProject
Global
	GlobalSection(SolutionConfigurationPlatforms) = preSolution
		Debug|Any CPU = Debug|Any CPU
		Release|Any CPU = Release|Any CPU
	EndGlobalSection
	GlobalSection(ProjectConfigurationPlatforms) = postSolution
		{AA6735F9-67F9-72A3-E0A1-BC4BC11F4CA7}.Debug|Any CPU.ActiveCfg = Debug|Any CPU
		{AA6735F9-67F9-72A3-E0A1-BC4BC11F4CA7}.Debug|Any CPU.Build.0 = Debug|Any CPU
		{AA6735F9-67F9-72A3-E0A1-BC4BC11F4CA7}.Release|Any CPU.ActiveCfg = Release|Any CPU
		{AA6735F9-67F9-72A3-E0A1-BC4BC11F4CA7}.Release|Any CPU.Build.0 = Release|Any CPU
		{4CA0EB2C-2544-01D9-F642-23E24A68C3E8}.Debug|Any CPU.ActiveCfg = Debug|Any CPU
		{4CA0EB2C-2544-01D9-F642-23E24A68C3E8}.Debug|Any CPU.Build.0 = Debug|Any CPU
		{4CA0EB2C-2544-01D9-F642-23E24A68C3E8}.Release|Any CPU.ActiveCfg = Release|Any CPU
		{4CA0EB2C-2544-01D9-F642-23E24A68C3E8}.Release|Any CPU.Build.0 = Release|Any CPU
	EndGlobalSection
	GlobalSection(SolutionProperties) = preSolution
		HideSolutionNode = FALSE
	EndGlobalSection
	GlobalSection(NestedProjects) = preSolution
		{AA6735F9-67F9-72A3-E0A1-BC4BC11F4CA7} = {02EA681E-C7D8-13C7-8484-4AC65E1B71E8}
		{4CA0EB2C-2544-01D9-F642-23E24A68C3E8} = {02EA681E-C7D8-13C7-8484-4AC65E1B71E8}
	EndGlobalSection
	GlobalSection(ExtensibilityGlobals) = postSolution
		SolutionGuid = {33C820BE-9EB2-4AF6-94E7-E46DF1BDC52E}
	EndGlobalSection
EndGlobal
